
Microsoft Visual Studio Solution File, Format Version 12.00
# Visual Studio Version 17
VisualStudioVersion = 17.2.32516.85
MinimumVisualStudioVersion = 10.0.40219.1
Project("{9A19103F-16F7-4668-BE54-9A1E7A4F7556}") = "MVVM_Example", "MVVM_Example\MVVM_Example.csproj", "{A73BA4BB-0A0A-4495-AEB3-6890D96FF85D}"
EndProject
Project("{FAE04EC0-301F-11D3-BF4B-00C04F79EFBC}") = "NavigationMVVM", "NavigationMVVM\NavigationMVVM.csproj", "{775B3750-81F4-4A0E-93DA-737C5E237691}"
EndProject
Global
	GlobalSection(SolutionConfigurationPlatforms) = preSolution
		Debug|Any CPU = Debug|Any CPU
		Release|Any CPU = Release|Any CPU
	EndGlobalSection
	GlobalSection(ProjectConfigurationPlatforms) = postSolution
		{A73BA4BB-0A0A-4495-AEB3-6890D96FF85D}.Debug|Any CPU.ActiveCfg = Debug|Any CPU
		{A73BA4BB-0A0A-4495-AEB3-6890D96FF85D}.Debug|Any CPU.Build.0 = Debug|Any CPU
		{A73BA4BB-0A0A-4495-AEB3-6890D96FF85D}.Release|Any CPU.ActiveCfg = Release|Any CPU
		{A73BA4BB-0A0A-4495-AEB3-6890D96FF85D}.Release|Any CPU.Build.0 = Release|Any CPU
		{775B3750-81F4-4A0E-93DA-737C5E237691}.Debug|Any CPU.ActiveCfg = Debug|Any CPU
		{775B3750-81F4-4A0E-93DA-737C5E237691}.Debug|Any CPU.Build.0 = Debug|Any CPU
		{775B3750-81F4-4A0E-93DA-737C5E237691}.Release|Any CPU.ActiveCfg = Release|Any CPU
		{775B3750-81F4-4A0E-93DA-737C5E237691}.Release|Any CPU.Build.0 = Release|Any CPU
	EndGlobalSection
	GlobalSection(SolutionProperties) = preSolution
		HideSolutionNode = FALSE
	EndGlobalSection
	GlobalSection(ExtensibilityGlobals) = postSolution
		SolutionGuid = {6F8A6494-4ED6-4364-8AE1-FF920827F2C4}
	EndGlobalSection
EndGlobal
